
Microsoft Visual Studio Solution File, Format Version 12.00
# Visual Studio 15
VisualStudioVersion = 15.0.27130.2036
MinimumVisualStudioVersion = 10.0.40219.1
Project("{FAE04EC0-301F-11D3-BF4B-00C04F79EFBC}") = "TUI.Test2", "TUI.Test2\TUI.Test2.csproj", "{A84A5D1D-C8F0-42B3-B8E2-B56D92A0EAE9}"
EndProject
Global
	GlobalSection(SolutionConfigurationPlatforms) = preSolution
		Debug|Any CPU = Debug|Any CPU
		Release|Any CPU = Release|Any CPU
	EndGlobalSection
	GlobalSection(ProjectConfigurationPlatforms) = postSolution
		{A84A5D1D-C8F0-42B3-B8E2-B56D92A0EAE9}.Debug|Any CPU.ActiveCfg = Debug|Any CPU
		{A84A5D1D-C8F0-42B3-B8E2-B56D92A0EAE9}.Debug|Any CPU.Build.0 = Debug|Any CPU
		{A84A5D1D-C8F0-42B3-B8E2-B56D92A0EAE9}.Release|Any CPU.ActiveCfg = Release|Any CPU
		{A84A5D1D-C8F0-42B3-B8E2-B56D92A0EAE9}.Release|Any CPU.Build.0 = Release|Any CPU
	EndGlobalSection
	GlobalSection(SolutionProperties) = preSolution
		HideSolutionNode = FALSE
	EndGlobalSection
	GlobalSection(ExtensibilityGlobals) = postSolution
		SolutionGuid = {1EE5F7F6-B4D5-448D-9DA9-D17B9E1F9FC7}
	EndGlobalSection
EndGlobal
